
Microsoft Visual Studio Solution File, Format Version 12.00
# Visual Studio Version 17
VisualStudioVersion = 17.11.35312.102
MinimumVisualStudioVersion = 10.0.40219.1
Project("{2150E333-8FDC-42A3-9474-1A3956D46DE8}") = "Task0", "Task0", "{2D6FAF62-8DBC-4764-9308-4C91BE4BB6C4}"
EndProject
Project("{9A19103F-16F7-4668-BE54-9A1E7A4F7556}") = "Tyuiu.EvseevEI.Sprint0.Task0.V0.", "Tyuiu.EvseevEI.Sprint0.Task0.V0\Tyuiu.EvseevEI.Sprint0.Task0.V0..csproj", "{B7F80AFF-AE88-42EB-871C-070776151B3F}"
EndProject
Project("{2150E333-8FDC-42A3-9474-1A3956D46DE8}") = "Task1", "Task1", "{9FF03D9D-B0E9-42C2-9506-C1BC5B530A14}"
EndProject
Project("{9A19103F-16F7-4668-BE54-9A1E7A4F7556}") = "Tyuiu.EvseevEI.Sprint0.Task1.V0", "Tyuiu.EvseevEI.Sprint0.Task1.V0\Tyuiu.EvseevEI.Sprint0.Task1.V0.csproj", "{CA176250-83BE-406E-9A3D-E44E4121F60C}"
EndProject
Project("{2150E333-8FDC-42A3-9474-1A3956D46DE8}") = "Task2", "Task2", "{AA59B6F6-0286-491F-8B3E-3FFD395B2A92}"
EndProject
Project("{9A19103F-16F7-4668-BE54-9A1E7A4F7556}") = "Tyuiu.EvseevEI.Sprint0.Task2.V0", "Tyuiu.EvseevEI.Sprint0.Task2.V0\Tyuiu.EvseevEI.Sprint0.Task2.V0.csproj", "{5023BFFF-A7C6-4FB5-8FCC-54A00420282A}"
EndProject
Project("{9A19103F-16F7-4668-BE54-9A1E7A4F7556}") = "Tyuiu.EvseevEI.Sprint0.Task2.V0.Lib", "Tyuiu.EvseevEI.Sprint0.Task2.V0.Lib\Tyuiu.EvseevEI.Sprint0.Task2.V0.Lib.csproj", "{89C28145-EE7D-41FA-9602-07A0C77163BC}"
EndProject
Project("{9A19103F-16F7-4668-BE54-9A1E7A4F7556}") = "Tyuiu.EvseevEI.Sprint0.Task2.V0.Test", "Tyuiu.EvseevEI.Sprint0.Task2.V0.Test\Tyuiu.EvseevEI.Sprint0.Task2.V0.Test.csproj", "{519BB11E-4C5E-40EF-A2AF-388CECC0331F}"
EndProject
Project("{2150E333-8FDC-42A3-9474-1A3956D46DE8}") = "Task3", "Task3", "{316CCC0B-0C39-42BD-81CA-7E7C47096190}"
EndProject
Project("{9A19103F-16F7-4668-BE54-9A1E7A4F7556}") = "Tyuiu.EvseevEI.Sprint0.Task3.V0", "Tiuiu.EvseevEI.Sprint0.Task3.V0\Tyuiu.EvseevEI.Sprint0.Task3.V0.csproj", "{EF74B219-E882-4906-BF5B-644974D24D71}"
EndProject
Project("{9A19103F-16F7-4668-BE54-9A1E7A4F7556}") = "Tyuiu.EvseevEI.Sprint0.Task3.V0.Lib", "Tiuiu.EvseevEI.Sprint0.Task3.V0.Lib\Tyuiu.EvseevEI.Sprint0.Task3.V0.Lib.csproj", "{789D338F-D018-410C-A1CD-BD1831A70296}"
EndProject
Project("{9A19103F-16F7-4668-BE54-9A1E7A4F7556}") = "Tyuiu.EvseevEI.Sprint0.Task3.V0.Test", "Tyuiu.EvseevEI.Sprint0.Task3.V0.Test\Tyuiu.EvseevEI.Sprint0.Task3.V0.Test.csproj", "{1C3906F8-BD41-49DF-B6E9-23E7551EC317}"
EndProject
Project("{2150E333-8FDC-42A3-9474-1A3956D46DE8}") = "Task4", "Task4", "{93201ED4-A299-4687-A58E-4A3CFF05AB30}"
EndProject
Project("{9A19103F-16F7-4668-BE54-9A1E7A4F7556}") = "Tyuiu.EvseevEI.Sprint0.Task4.V0", "Tyuiu.EvseevEI.Sprint0.Task3.V0\Tyuiu.EvseevEI.Sprint0.Task4.V0.csproj", "{6A20B5E4-F9CD-4061-BB28-210FD7F5D2D0}"
EndProject
Project("{9A19103F-16F7-4668-BE54-9A1E7A4F7556}") = "Tyuiu.EvseevEI.Sprint0.Task4.V0.Lib", "Tyuiu.EvseevEI.Sprint0.Task3.V0.Lib\Tyuiu.EvseevEI.Sprint0.Task4.V0.Lib.csproj", "{0086C12B-6B90-483D-A876-D3F1FF7B6115}"
EndProject
Project("{9A19103F-16F7-4668-BE54-9A1E7A4F7556}") = "Tyuiu.EvseevEI.Sprint0.Task4.V0.Test", "Tyuiu.EvseevEI.Sprint0.Task4.V0.Test\Tyuiu.EvseevEI.Sprint0.Task4.V0.Test.csproj", "{897B9EDE-B13C-4780-B345-BBA45A33CB16}"
EndProject
Project("{2150E333-8FDC-42A3-9474-1A3956D46DE8}") = "Task5", "Task5", "{98982077-8636-45D4-ADF5-90D699A53842}"
EndProject
Project("{FAE04EC0-301F-11D3-BF4B-00C04F79EFBC}") = "Tyuiu.EvseevEI.Sprint0.Task5.V0", "Tyuiu.EvseevEI.Sprint0.Task5.V0\Tyuiu.EvseevEI.Sprint0.Task5.V0.csproj", "{6FAC108A-87B9-401B-8736-632898C02F23}"
EndProject
Project("{FAE04EC0-301F-11D3-BF4B-00C04F79EFBC}") = "Tyuiu.EvseevEI.Sprint0.Task5.V0.Lib", "Tyuiu.EvseevEI.Sprint0.Task5.V0.Lib\Tyuiu.EvseevEI.Sprint0.Task5.V0.Lib.csproj", "{30A0636D-409A-4D87-9E10-F9567F80A50D}"
EndProject
Project("{FAE04EC0-301F-11D3-BF4B-00C04F79EFBC}") = "Tyuiu.EvseevEI.Sprint0.Task5.V0.Test", "Tyuiu.EvseevEI.Sprint0.Task5.V0.Test\Tyuiu.EvseevEI.Sprint0.Task5.V0.Test.csproj", "{47E3DD00-0982-4A77-9614-B8B1F55643AB}"
EndProject
Project("{2150E333-8FDC-42A3-9474-1A3956D46DE8}") = "Task6", "Task6", "{30766E0A-3371-420C-B66F-38B4F5E05107}"
EndProject
Project("{FAE04EC0-301F-11D3-BF4B-00C04F79EFBC}") = "Tyuiu.EvseevEI.Sprint0.Task6.V0", "Tyuiu.EvseevEI.Sprint0.Task6.V0\Tyuiu.EvseevEI.Sprint0.Task6.V0.csproj", "{43B2C150-A573-447E-9C53-41D097F0992A}"
EndProject
Project("{FAE04EC0-301F-11D3-BF4B-00C04F79EFBC}") = "Tyuiu.EvseevEi.Sprint0.Task6.V0.Lib", "Tyuiu.EvseevEi.Sprint0.Task6.V0.Lib\Tyuiu.EvseevEi.Sprint0.Task6.V0.Lib.csproj", "{56C5D5AD-6E25-4040-9DD2-30F38CD68F1C}"
EndProject
Project("{FAE04EC0-301F-11D3-BF4B-00C04F79EFBC}") = "Tyuiu.EvseevEi.Sprint0.Task6.V0.Test", "Tyuiu.EvseevEi.Sprint0.Task6.V0.Test\Tyuiu.EvseevEi.Sprint0.Task6.V0.Test.csproj", "{F6270927-32D5-4CE9-9B02-F671CE677834}"
EndProject
Global
	GlobalSection(SolutionConfigurationPlatforms) = preSolution
		Debug|Any CPU = Debug|Any CPU
		Release|Any CPU = Release|Any CPU
	EndGlobalSection
	GlobalSection(ProjectConfigurationPlatforms) = postSolution
		{B7F80AFF-AE88-42EB-871C-070776151B3F}.Debug|Any CPU.ActiveCfg = Debug|Any CPU
		{B7F80AFF-AE88-42EB-871C-070776151B3F}.Debug|Any CPU.Build.0 = Debug|Any CPU
		{B7F80AFF-AE88-42EB-871C-070776151B3F}.Release|Any CPU.ActiveCfg = Release|Any CPU
		{B7F80AFF-AE88-42EB-871C-070776151B3F}.Release|Any CPU.Build.0 = Release|Any CPU
		{CA176250-83BE-406E-9A3D-E44E4121F60C}.Debug|Any CPU.ActiveCfg = Debug|Any CPU
		{CA176250-83BE-406E-9A3D-E44E4121F60C}.Debug|Any CPU.Build.0 = Debug|Any CPU
		{CA176250-83BE-406E-9A3D-E44E4121F60C}.Release|Any CPU.ActiveCfg = Release|Any CPU
		{CA176250-83BE-406E-9A3D-E44E4121F60C}.Release|Any CPU.Build.0 = Release|Any CPU
		{5023BFFF-A7C6-4FB5-8FCC-54A00420282A}.Debug|Any CPU.ActiveCfg = Debug|Any CPU
		{5023BFFF-A7C6-4FB5-8FCC-54A00420282A}.Debug|Any CPU.Build.0 = Debug|Any CPU
		{5023BFFF-A7C6-4FB5-8FCC-54A00420282A}.Release|Any CPU.ActiveCfg = Release|Any CPU
		{5023BFFF-A7C6-4FB5-8FCC-54A00420282A}.Release|Any CPU.Build.0 = Release|Any CPU
		{89C28145-EE7D-41FA-9602-07A0C77163BC}.Debug|Any CPU.ActiveCfg = Debug|Any CPU
		{89C28145-EE7D-41FA-9602-07A0C77163BC}.Debug|Any CPU.Build.0 = Debug|Any CPU
		{89C28145-EE7D-41FA-9602-07A0C77163BC}.Release|Any CPU.ActiveCfg = Release|Any CPU
		{89C28145-EE7D-41FA-9602-07A0C77163BC}.Release|Any CPU.Build.0 = Release|Any CPU
		{519BB11E-4C5E-40EF-A2AF-388CECC0331F}.Debug|Any CPU.ActiveCfg = Debug|Any CPU
		{519BB11E-4C5E-40EF-A2AF-388CECC0331F}.Debug|Any CPU.Build.0 = Debug|Any CPU
		{519BB11E-4C5E-40EF-A2AF-388CECC0331F}.Release|Any CPU.ActiveCfg = Release|Any CPU
		{519BB11E-4C5E-40EF-A2AF-388CECC0331F}.Release|Any CPU.Build.0 = Release|Any CPU
		{EF74B219-E882-4906-BF5B-644974D24D71}.Debug|Any CPU.ActiveCfg = Debug|Any CPU
		{EF74B219-E882-4906-BF5B-644974D24D71}.Debug|Any CPU.Build.0 = Debug|Any CPU
		{EF74B219-E882-4906-BF5B-644974D24D71}.Release|Any CPU.ActiveCfg = Release|Any CPU
		{EF74B219-E882-4906-BF5B-644974D24D71}.Release|Any CPU.Build.0 = Release|Any CPU
		{789D338F-D018-410C-A1CD-BD1831A70296}.Debug|Any CPU.ActiveCfg = Debug|Any CPU
		{789D338F-D018-410C-A1CD-BD1831A70296}.Debug|Any CPU.Build.0 = Debug|Any CPU
		{789D338F-D018-410C-A1CD-BD1831A70296}.Release|Any CPU.ActiveCfg = Release|Any CPU
		{789D338F-D018-410C-A1CD-BD1831A70296}.Release|Any CPU.Build.0 = Release|Any CPU
		{1C3906F8-BD41-49DF-B6E9-23E7551EC317}.Debug|Any CPU.ActiveCfg = Debug|Any CPU
		{1C3906F8-BD41-49DF-B6E9-23E7551EC317}.Debug|Any CPU.Build.0 = Debug|Any CPU
		{1C3906F8-BD41-49DF-B6E9-23E7551EC317}.Release|Any CPU.ActiveCfg = Release|Any CPU
		{1C3906F8-BD41-49DF-B6E9-23E7551EC317}.Release|Any CPU.Build.0 = Release|Any CPU
		{6A20B5E4-F9CD-4061-BB28-210FD7F5D2D0}.Debug|Any CPU.ActiveCfg = Debug|Any CPU
		{6A20B5E4-F9CD-4061-BB28-210FD7F5D2D0}.Debug|Any CPU.Build.0 = Debug|Any CPU
		{6A20B5E4-F9CD-4061-BB28-210FD7F5D2D0}.Release|Any CPU.ActiveCfg = Release|Any CPU
		{6A20B5E4-F9CD-4061-BB28-210FD7F5D2D0}.Release|Any CPU.Build.0 = Release|Any CPU
		{0086C12B-6B90-483D-A876-D3F1FF7B6115}.Debug|Any CPU.ActiveCfg = Debug|Any CPU
		{0086C12B-6B90-483D-A876-D3F1FF7B6115}.Debug|Any CPU.Build.0 = Debug|Any CPU
		{0086C12B-6B90-483D-A876-D3F1FF7B6115}.Release|Any CPU.ActiveCfg = Release|Any CPU
		{0086C12B-6B90-483D-A876-D3F1FF7B6115}.Release|Any CPU.Build.0 = Release|Any CPU
		{897B9EDE-B13C-4780-B345-BBA45A33CB16}.Debug|Any CPU.ActiveCfg = Debug|Any CPU
		{897B9EDE-B13C-4780-B345-BBA45A33CB16}.Debug|Any CPU.Build.0 = Debug|Any CPU
		{897B9EDE-B13C-4780-B345-BBA45A33CB16}.Release|Any CPU.ActiveCfg = Release|Any CPU
		{897B9EDE-B13C-4780-B345-BBA45A33CB16}.Release|Any CPU.Build.0 = Release|Any CPU
		{6FAC108A-87B9-401B-8736-632898C02F23}.Debug|Any CPU.ActiveCfg = Debug|Any CPU
		{6FAC108A-87B9-401B-8736-632898C02F23}.Debug|Any CPU.Build.0 = Debug|Any CPU
		{6FAC108A-87B9-401B-8736-632898C02F23}.Release|Any CPU.ActiveCfg = Release|Any CPU
		{6FAC108A-87B9-401B-8736-632898C02F23}.Release|Any CPU.Build.0 = Release|Any CPU
		{30A0636D-409A-4D87-9E10-F9567F80A50D}.Debug|Any CPU.ActiveCfg = Debug|Any CPU
		{30A0636D-409A-4D87-9E10-F9567F80A50D}.Debug|Any CPU.Build.0 = Debug|Any CPU
		{30A0636D-409A-4D87-9E10-F9567F80A50D}.Release|Any CPU.ActiveCfg = Release|Any CPU
		{30A0636D-409A-4D87-9E10-F9567F80A50D}.Release|Any CPU.Build.0 = Release|Any CPU
		{47E3DD00-0982-4A77-9614-B8B1F55643AB}.Debug|Any CPU.ActiveCfg = Debug|Any CPU
		{47E3DD00-0982-4A77-9614-B8B1F55643AB}.Debug|Any CPU.Build.0 = Debug|Any CPU
		{47E3DD00-0982-4A77-9614-B8B1F55643AB}.Release|Any CPU.ActiveCfg = Release|Any CPU
		{47E3DD00-0982-4A77-9614-B8B1F55643AB}.Release|Any CPU.Build.0 = Release|Any CPU
		{43B2C150-A573-447E-9C53-41D097F0992A}.Debug|Any CPU.ActiveCfg = Debug|Any CPU
		{43B2C150-A573-447E-9C53-41D097F0992A}.Debug|Any CPU.Build.0 = Debug|Any CPU
		{43B2C150-A573-447E-9C53-41D097F0992A}.Release|Any CPU.ActiveCfg = Release|Any CPU
		{43B2C150-A573-447E-9C53-41D097F0992A}.Release|Any CPU.Build.0 = Release|Any CPU
		{56C5D5AD-6E25-4040-9DD2-30F38CD68F1C}.Debug|Any CPU.ActiveCfg = Debug|Any CPU
		{56C5D5AD-6E25-4040-9DD2-30F38CD68F1C}.Debug|Any CPU.Build.0 = Debug|Any CPU
		{56C5D5AD-6E25-4040-9DD2-30F38CD68F1C}.Release|Any CPU.ActiveCfg = Release|Any CPU
		{56C5D5AD-6E25-4040-9DD2-30F38CD68F1C}.Release|Any CPU.Build.0 = Release|Any CPU
		{F6270927-32D5-4CE9-9B02-F671CE677834}.Debug|Any CPU.ActiveCfg = Debug|Any CPU
		{F6270927-32D5-4CE9-9B02-F671CE677834}.Debug|Any CPU.Build.0 = Debug|Any CPU
		{F6270927-32D5-4CE9-9B02-F671CE677834}.Release|Any CPU.ActiveCfg = Release|Any CPU
		{F6270927-32D5-4CE9-9B02-F671CE677834}.Release|Any CPU.Build.0 = Release|Any CPU
	EndGlobalSection
	GlobalSection(SolutionProperties) = preSolution
		HideSolutionNode = FALSE
	EndGlobalSection
	GlobalSection(NestedProjects) = preSolution
		{B7F80AFF-AE88-42EB-871C-070776151B3F} = {2D6FAF62-8DBC-4764-9308-4C91BE4BB6C4}
		{CA176250-83BE-406E-9A3D-E44E4121F60C} = {9FF03D9D-B0E9-42C2-9506-C1BC5B530A14}
		{5023BFFF-A7C6-4FB5-8FCC-54A00420282A} = {AA59B6F6-0286-491F-8B3E-3FFD395B2A92}
		{89C28145-EE7D-41FA-9602-07A0C77163BC} = {AA59B6F6-0286-491F-8B3E-3FFD395B2A92}
		{519BB11E-4C5E-40EF-A2AF-388CECC0331F} = {AA59B6F6-0286-491F-8B3E-3FFD395B2A92}
		{EF74B219-E882-4906-BF5B-644974D24D71} = {316CCC0B-0C39-42BD-81CA-7E7C47096190}
		{789D338F-D018-410C-A1CD-BD1831A70296} = {316CCC0B-0C39-42BD-81CA-7E7C47096190}
		{1C3906F8-BD41-49DF-B6E9-23E7551EC317} = {316CCC0B-0C39-42BD-81CA-7E7C47096190}
		{6A20B5E4-F9CD-4061-BB28-210FD7F5D2D0} = {93201ED4-A299-4687-A58E-4A3CFF05AB30}
		{0086C12B-6B90-483D-A876-D3F1FF7B6115} = {93201ED4-A299-4687-A58E-4A3CFF05AB30}
		{897B9EDE-B13C-4780-B345-BBA45A33CB16} = {93201ED4-A299-4687-A58E-4A3CFF05AB30}
		{6FAC108A-87B9-401B-8736-632898C02F23} = {98982077-8636-45D4-ADF5-90D699A53842}
		{30A0636D-409A-4D87-9E10-F9567F80A50D} = {98982077-8636-45D4-ADF5-90D699A53842}
		{47E3DD00-0982-4A77-9614-B8B1F55643AB} = {98982077-8636-45D4-ADF5-90D699A53842}
		{43B2C150-A573-447E-9C53-41D097F0992A} = {30766E0A-3371-420C-B66F-38B4F5E05107}
		{56C5D5AD-6E25-4040-9DD2-30F38CD68F1C} = {30766E0A-3371-420C-B66F-38B4F5E05107}
		{F6270927-32D5-4CE9-9B02-F671CE677834} = {30766E0A-3371-420C-B66F-38B4F5E05107}
	EndGlobalSection
	GlobalSection(ExtensibilityGlobals) = postSolution
		SolutionGuid = {B3DC323C-99DA-416C-8735-828F91BF8848}
	EndGlobalSection
EndGlobal
